NeoBundleLock MatchTagAlways e59a8d1315343ff76802f0a44ff8b59e999d83f4
NeoBundleLock delimitMate 8bc47fd1c40cdad9ea1f36c0cf13592c70ea65e9
NeoBundleLock deoplete.nvim a60626a4b472a958514dbecb4772dfe22fd30b7a
NeoBundleLock fzf 45108ddd5366da5503c670ae6ab8259b1f434ea0
NeoBundleLock image.vim 02161bbdb1e8ce8226521d50f1abc243fb442061
NeoBundleLock indentLine 9cb94e17354d98d6fb4f59b243144d4d34d0b654
NeoBundleLock neco-syntax f8059e6975b6eef73bfb331069ce08fa928dcc4e
NeoBundleLock neco-vim 54b6badb678036da96074e39df200d67f050f72c
NeoBundleLock neobundle.vim cfbbde55a6b64251a7edec37f114bde614113613
NeoBundleLock neoinclude.vim 5283eda98e729f090e64c9bfae676215c7d24336
NeoBundleLock neomake e3f6fc538cecf478f826df58314a94b2da936b9f
NeoBundleLock nerdtree 4ebbb533c3faf2c480211db2b547972bb3b60f2b
NeoBundleLock nerdtree-git-plugin 2cc01be4e4246cfed534833c64624386d69a9ae3
NeoBundleLock oceanic-next 286cccf7458e4bf4393c4e952fdade36d93cfe10
NeoBundleLock switch.vim 371d6812d8d072d99f8191e0d49f0ab70475eaf5
NeoBundleLock syntastic c3882ef5b087427e5c2e2f5fbe8f268ee02a2f3a
NeoBundleLock tcomment_vim 52586e67db998a4df9160edc219bf587e3faa634
NeoBundleLock vim-airline 37231dac3a427321cee4b4166a41cf4f34458114
NeoBundleLock vim-airline-themes cf5b990b2d1f7511ecb3726fe2d71ebd7eec8b5f
NeoBundleLock vim-autoformat b939719fe6da77779af66dbc70e775a396ef5a00
NeoBundleLock vim-coloresque 0c21b1469993e610600e88e734ffe90b9c10a514
NeoBundleLock vim-colorschemes 28a989b28457e38df620e4c7ab23e224aff70efe
NeoBundleLock vim-easygrep d32bb5e531cce08fca96864d30d43907c10a8aba
NeoBundleLock vim-endwise 0067ceda37725d01b7bd5bf249d63b1b5d4e2ab4
NeoBundleLock vim-fugitive 9835920a3c91236021fc8c88cc4157304e24356b
NeoBundleLock vim-gitgutter 8b046bd5211d12629504cbd336e1ba350ebea54a
NeoBundleLock vim-rubocop 1c57918086d22cc9db829125f6b78226feae86a3
NeoBundleLock vim-surround 2d05440ad23f97a7874ebd9b5de3a0e65d25d85c
